
Microsoft Visual Studio Solution File, Format Version 12.00
# Visual Studio Version 16
VisualStudioVersion = 16.0.31402.337
MinimumVisualStudioVersion = 10.0.40219.1
Project("{8BC9CEB8-8B4A-11D0-8D11-00A0C91BC942}") = "TopologicCore", "TopologicCore.vcxproj", "{C2B53661-6D1F-4C1D-9F8D-909737CA2142}"
EndProject
Global
	GlobalSection(SolutionConfigurationPlatforms) = preSolution
		Debug|x64 = Debug|x64
		Debug|x86 = Debug|x86
		Release|x64 = Release|x64
		Release|x86 = Release|x86
	EndGlobalSection
	GlobalSection(ProjectConfigurationPlatforms) = postSolution
		{C2B53661-6D1F-4C1D-9F8D-909737CA2142}.Debug|x64.ActiveCfg = Debug|x64
		{C2B53661-6D1F-4C1D-9F8D-909737CA2142}.Debug|x64.Build.0 = Debug|x64
		{C2B53661-6D1F-4C1D-9F8D-909737CA2142}.Debug|x86.ActiveCfg = Debug|Win32
		{C2B53661-6D1F-4C1D-9F8D-909737CA2142}.Debug|x86.Build.0 = Debug|Win32
		{C2B53661-6D1F-4C1D-9F8D-909737CA2142}.Release|x64.ActiveCfg = Release|x64
		{C2B53661-6D1F-4C1D-9F8D-909737CA2142}.Release|x64.Build.0 = Release|x64
		{C2B53661-6D1F-4C1D-9F8D-909737CA2142}.Release|x86.ActiveCfg = Release|Win32
		{C2B53661-6D1F-4C1D-9F8D-909737CA2142}.Release|x86.Build.0 = Release|Win32
	EndGlobalSection
	GlobalSection(SolutionProperties) = preSolution
		HideSolutionNode = FALSE
	EndGlobalSection
	GlobalSection(ExtensibilityGlobals) = postSolution
		SolutionGuid = {B73C2471-F8F9-459F-937B-9D36BB459A80}
	EndGlobalSection
EndGlobal
