<?xml version="1.0" encoding="utf-8"?>
<Project ToolsVersion="4.0" xmlns="http://schemas.microsoft.com/developer/msbuild/2003">
  <ItemGroup>
    <ClInclude Include="include\Topology.h" />
    <ClInclude Include="include\Vertex.h" />
    <ClInclude Include="include\Edge.h" />
    <ClInclude Include="include\Cell.h" />
    <ClInclude Include="include\CellComplex.h" />
    <ClInclude Include="include\Cluster.h" />
    <ClInclude Include="include\Face.h" />
    <ClInclude Include="include\Shell.h" />
    <ClInclude Include="include\Wire.h" />
    <ClInclude Include="include\Utilities.h" />
    <ClInclude Include="include\TopologicalQuery.h" />
    <ClInclude Include="include\Aperture.h" />
    <ClInclude Include="include\ContentManager.h" />
    <ClInclude Include="include\InstanceGUIDManager.h" />
    <ClInclude Include="include\TopologyFactory.h">
      <Filter>Factories</Filter>
    </ClInclude>
    <ClInclude Include="include\VertexFactory.h">
      <Filter>Factories</Filter>
    </ClInclude>
    <ClInclude Include="include\ClusterFactory.h">
      <Filter>Factories</Filter>
    </ClInclude>
    <ClInclude Include="include\EdgeFactory.h">
      <Filter>Factories</Filter>
    </ClInclude>
    <ClInclude Include="include\FaceFactory.h">
      <Filter>Factories</Filter>
    </ClInclude>
    <ClInclude Include="include\ShellFactory.h">
      <Filter>Factories</Filter>
    </ClInclude>
    <ClInclude Include="include\WireFactory.h">
      <Filter>Factories</Filter>
    </ClInclude>
    <ClInclude Include="include\ApertureFactory.h">
      <Filter>Factories</Filter>
    </ClInclude>
    <ClInclude Include="include\CellComplexFactory.h">
      <Filter>Factories</Filter>
    </ClInclude>
    <ClInclude Include="include\CellFactory.h">
      <Filter>Factories</Filter>
    </ClInclude>
    <ClInclude Include="include\TopologyFactoryManager.h">
      <Filter>Factories</Filter>
    </ClInclude>
    <ClInclude Include="include\GlobalCluster.h" />
    <ClInclude Include="include\About.h" />
    <ClInclude Include="include\Graph.h" />
    <ClInclude Include="include\Attribute.h">
      <Filter>Attributes</Filter>
    </ClInclude>
    <ClInclude Include="include\AttributeManager.h">
      <Filter>Attributes</Filter>
    </ClInclude>
    <ClInclude Include="include\DoubleAttribute.h">
      <Filter>Attributes</Filter>
    </ClInclude>
    <ClInclude Include="include\IntAttribute.h">
      <Filter>Attributes</Filter>
    </ClInclude>
    <ClInclude Include="include\StringAttribute.h">
      <Filter>Attributes</Filter>
    </ClInclude>
    <ClInclude Include="include\Line.h">
      <Filter>Geometries</Filter>
    </ClInclude>
    <ClInclude Include="include\NurbsCurve.h">
      <Filter>Geometries</Filter>
    </ClInclude>
    <ClInclude Include="include\Geometry.h">
      <Filter>Geometries</Filter>
    </ClInclude>
    <ClInclude Include="include\PlanarSurface.h">
      <Filter>Geometries</Filter>
    </ClInclude>
    <ClInclude Include="include\NurbsSurface.h">
      <Filter>Geometries</Filter>
    </ClInclude>
    <ClInclude Include="include\Utilities\CellUtility.h">
      <Filter>Utilities</Filter>
    </ClInclude>
    <ClInclude Include="include\Utilities\Direction.h">
      <Filter>Utilities</Filter>
    </ClInclude>
    <ClInclude Include="include\Utilities\EdgeUtility.h">
      <Filter>Utilities</Filter>
    </ClInclude>
    <ClInclude Include="include\Utilities\FaceUtility.h">
      <Filter>Utilities</Filter>
    </ClInclude>
    <ClInclude Include="include\Utilities\ShellUtility.h">
      <Filter>Utilities</Filter>
    </ClInclude>
    <ClInclude Include="include\Utilities\TopologyUtility.h">
      <Filter>Utilities</Filter>
    </ClInclude>
    <ClInclude Include="include\Utilities\TransformationMatrix2D.h">
      <Filter>Utilities</Filter>
    </ClInclude>
    <ClInclude Include="include\Utilities\Vector.h">
      <Filter>Utilities</Filter>
    </ClInclude>
    <ClInclude Include="include\Utilities\VertexUtility.h">
      <Filter>Utilities</Filter>
    </ClInclude>
    <ClInclude Include="include\Utilities\WireUtility.h">
      <Filter>Utilities</Filter>
    </ClInclude>
    <ClInclude Include="include\Surface.h">
      <Filter>Geometries</Filter>
    </ClInclude>
    <ClInclude Include="include\Bitwise.h">
      <Filter>Utilities</Filter>
    </ClInclude>
    <ClInclude Include="include\Context.h" />
    <ClInclude Include="include\ContextManager.h" />
    <ClInclude Include="include\ListAttribute.h">
      <Filter>Attributes</Filter>
    </ClInclude>
    <ClInclude Include="include\Dictionary.h" />
  </ItemGroup>
  <ItemGroup>
    <ClCompile Include="src\Topology.cpp" />
    <ClCompile Include="src\Vertex.cpp" />
    <ClCompile Include="src\Edge.cpp" />
    <ClCompile Include="src\Cell.cpp" />
    <ClCompile Include="src\CellComplex.cpp" />
    <ClCompile Include="src\Cluster.cpp" />
    <ClCompile Include="src\Face.cpp" />
    <ClCompile Include="src\Shell.cpp" />
    <ClCompile Include="src\Wire.cpp" />
    <ClCompile Include="src\Aperture.cpp" />
    <ClCompile Include="src\ContentManager.cpp" />
    <ClCompile Include="src\InstanceGUIDManager.cpp" />
    <ClCompile Include="src\VertexFactory.cpp">
      <Filter>Factories</Filter>
    </ClCompile>
    <ClCompile Include="src\ShellFactory.cpp">
      <Filter>Factories</Filter>
    </ClCompile>
    <ClCompile Include="src\WireFactory.cpp">
      <Filter>Factories</Filter>
    </ClCompile>
    <ClCompile Include="src\ApertureFactory.cpp">
      <Filter>Factories</Filter>
    </ClCompile>
    <ClCompile Include="src\CellComplexFactory.cpp">
      <Filter>Factories</Filter>
    </ClCompile>
    <ClCompile Include="src\CellFactory.cpp">
      <Filter>Factories</Filter>
    </ClCompile>
    <ClCompile Include="src\ClusterFactory.cpp">
      <Filter>Factories</Filter>
    </ClCompile>
    <ClCompile Include="src\EdgeFactory.cpp">
      <Filter>Factories</Filter>
    </ClCompile>
    <ClCompile Include="src\FaceFactory.cpp">
      <Filter>Factories</Filter>
    </ClCompile>
    <ClCompile Include="src\TopologyFactoryManager.cpp">
      <Filter>Factories</Filter>
    </ClCompile>
    <ClCompile Include="src\GlobalCluster.cpp" />
    <ClCompile Include="src\Utilities.cpp" />
    <ClCompile Include="src\About.cpp" />
    <ClCompile Include="src\Graph.cpp" />
    <ClCompile Include="src\AttributeManager.cpp">
      <Filter>Attributes</Filter>
    </ClCompile>
    <ClCompile Include="src\DoubleAttribute.cpp">
      <Filter>Attributes</Filter>
    </ClCompile>
    <ClCompile Include="src\IntAttribute.cpp">
      <Filter>Attributes</Filter>
    </ClCompile>
    <ClCompile Include="src\StringAttribute.cpp">
      <Filter>Attributes</Filter>
    </ClCompile>
    <ClCompile Include="src\Line.cpp">
      <Filter>Geometries</Filter>
    </ClCompile>
    <ClCompile Include="src\NurbsCurve.cpp">
      <Filter>Geometries</Filter>
    </ClCompile>
    <ClCompile Include="src\Geometry.cpp">
      <Filter>Geometries</Filter>
    </ClCompile>
    <ClCompile Include="src\PlanarSurface.cpp">
      <Filter>Geometries</Filter>
    </ClCompile>
    <ClCompile Include="src\NurbsSurface.cpp">
      <Filter>Geometries</Filter>
    </ClCompile>
    <ClCompile Include="src\Utilities\CellUtility.cpp">
      <Filter>Utilities</Filter>
    </ClCompile>
    <ClCompile Include="src\Utilities\Direction.cpp">
      <Filter>Utilities</Filter>
    </ClCompile>
    <ClCompile Include="src\Utilities\EdgeUtility.cpp">
      <Filter>Utilities</Filter>
    </ClCompile>
    <ClCompile Include="src\Utilities\FaceUtility.cpp">
      <Filter>Utilities</Filter>
    </ClCompile>
    <ClCompile Include="src\Utilities\ShellUtility.cpp">
      <Filter>Utilities</Filter>
    </ClCompile>
    <ClCompile Include="src\Utilities\TopologyUtility.cpp">
      <Filter>Utilities</Filter>
    </ClCompile>
    <ClCompile Include="src\Utilities\TransformationMatrix2D.cpp">
      <Filter>Utilities</Filter>
    </ClCompile>
    <ClCompile Include="src\Utilities\Vector.cpp">
      <Filter>Utilities</Filter>
    </ClCompile>
    <ClCompile Include="src\Utilities\VertexUtility.cpp">
      <Filter>Utilities</Filter>
    </ClCompile>
    <ClCompile Include="src\Utilities\WireUtility.cpp">
      <Filter>Utilities</Filter>
    </ClCompile>
    <ClCompile Include="src\Surface.cpp">
      <Filter>Geometries</Filter>
    </ClCompile>
    <ClCompile Include="src\Bitwise.cpp">
      <Filter>Utilities</Filter>
    </ClCompile>
    <ClCompile Include="src\Context.cpp" />
    <ClCompile Include="src\ContextManager.cpp" />
    <ClCompile Include="src\ListAttribute.cpp">
      <Filter>Attributes</Filter>
    </ClCompile>
    <ClCompile Include="src\Dictionary.cpp" />
  </ItemGroup>
  <ItemGroup>
    <Filter Include="Attributes">
      <UniqueIdentifier>{dfd6bfc1-9eef-4c6f-a329-025cd25261a1}</UniqueIdentifier>
    </Filter>
    <Filter Include="Geometries">
      <UniqueIdentifier>{492d79fc-2ea1-46ee-8c89-96c2c465a2e3}</UniqueIdentifier>
    </Filter>
    <Filter Include="Factories">
      <UniqueIdentifier>{a21958dd-917d-4441-b751-1a82742b61e7}</UniqueIdentifier>
    </Filter>
    <Filter Include="Utilities">
      <UniqueIdentifier>{5a8fe480-d148-4b25-9360-dd01b4054261}</UniqueIdentifier>
    </Filter>
  </ItemGroup>
</Project>